// !$*UTF8*$!
{
	archiveVersion = 1;
	classes = {
	};
	objectVersion = 56;
	objects = {

/* Begin PBXBuildFile section */
		000000000000000000000001 /* AlanNativeApp.swift in Sources */ = {isa = PBXBuildFile; fileRef = 000000000000000000000101 /* AlanNativeApp.swift */; };
		000000000000000000000002 /* ContentView.swift in Sources */ = {isa = PBXBuildFile; fileRef = 000000000000000000000102 /* ContentView.swift */; };
		000000000000000000000003 /* AlanAPIClient.swift in Sources */ = {isa = PBXBuildFile; fileRef = 000000000000000000000103 /* AlanAPIClient.swift */; };
		000000000000000000000004 /* MacShellRootView.swift in Sources */ = {isa = PBXBuildFile; fileRef = 000000000000000000000104 /* MacShellRootView.swift */; };
		000000000000000000000005 /* ShellModel.swift in Sources */ = {isa = PBXBuildFile; fileRef = 000000000000000000000105 /* ShellModel.swift */; };
		000000000000000000000006 /* ShellHostController.swift in Sources */ = {isa = PBXBuildFile; fileRef = 000000000000000000000106 /* ShellHostController.swift */; };
		000000000000000000000007 /* TerminalPaneView.swift in Sources */ = {isa = PBXBuildFile; fileRef = 000000000000000000000107 /* TerminalPaneView.swift */; };
		000000000000000000000008 /* TerminalHostRuntime.swift in Sources */ = {isa = PBXBuildFile; fileRef = 000000000000000000000108 /* TerminalHostRuntime.swift */; };
		000000000000000000000009 /* TerminalHostView.swift in Sources */ = {isa = PBXBuildFile; fileRef = 000000000000000000000109 /* TerminalHostView.swift */; };
		00000000000000000000000A /* GhosttyLiveHost.swift in Sources */ = {isa = PBXBuildFile; fileRef = 00000000000000000000010A /* GhosttyLiveHost.swift */; };
		00000000000000000000000B /* GhosttyKit.xcframework in Frameworks */ = {isa = PBXBuildFile; fileRef = 00000000000000000000010B /* GhosttyKit.xcframework */; };
		00000000000000000000000C /* ghostty-resources in Resources */ = {isa = PBXBuildFile; fileRef = 00000000000000000000010C /* ghostty-resources */; };
		00000000000000000000000D /* ghostty-terminfo in Resources */ = {isa = PBXBuildFile; fileRef = 00000000000000000000010D /* ghostty-terminfo */; };
		00000000000000000000000E /* ShellControlPlane.swift in Sources */ = {isa = PBXBuildFile; fileRef = 00000000000000000000010E /* ShellControlPlane.swift */; };
		00000000000000000000000F /* TerminalRuntimeRegistry.swift in Sources */ = {isa = PBXBuildFile; fileRef = 00000000000000000000010F /* TerminalRuntimeRegistry.swift */; };
		000000000000000000000010 /* TerminalRuntimeService.swift in Sources */ = {isa = PBXBuildFile; fileRef = 000000000000000000000110 /* TerminalRuntimeService.swift */; };
		000000000000000000000011 /* TerminalSurfaceController.swift in Sources */ = {isa = PBXBuildFile; fileRef = 000000000000000000000111 /* TerminalSurfaceController.swift */; };
		000000000000000000000012 /* AlanAppSingletonGuard.swift in Sources */ = {isa = PBXBuildFile; fileRef = 000000000000000000000112 /* AlanAppSingletonGuard.swift */; };
/* End PBXBuildFile section */

/* Begin PBXFileReference section */
		0000000000000000000000F1 /* AlanNative.app */ = {isa = PBXFileReference; explicitFileType = wrapper.application; includeInIndex = 0; path = AlanNative.app; sourceTree = BUILT_PRODUCTS_DIR; };
		000000000000000000000101 /* AlanNativeApp.swift */ = {isa = PBXFileReference; lastKnownFileType = sourcecode.swift; path = AlanNativeApp.swift; sourceTree = "<group>"; };
		000000000000000000000102 /* ContentView.swift */ = {isa = PBXFileReference; lastKnownFileType = sourcecode.swift; path = ContentView.swift; sourceTree = "<group>"; };
		000000000000000000000103 /* AlanAPIClient.swift */ = {isa = PBXFileReference; lastKnownFileType = sourcecode.swift; path = AlanAPIClient.swift; sourceTree = "<group>"; };
		000000000000000000000104 /* MacShellRootView.swift */ = {isa = PBXFileReference; lastKnownFileType = sourcecode.swift; path = MacShellRootView.swift; sourceTree = "<group>"; };
		000000000000000000000105 /* ShellModel.swift */ = {isa = PBXFileReference; lastKnownFileType = sourcecode.swift; path = ShellModel.swift; sourceTree = "<group>"; };
		000000000000000000000106 /* ShellHostController.swift */ = {isa = PBXFileReference; lastKnownFileType = sourcecode.swift; path = ShellHostController.swift; sourceTree = "<group>"; };
		000000000000000000000107 /* TerminalPaneView.swift */ = {isa = PBXFileReference; lastKnownFileType = sourcecode.swift; path = TerminalPaneView.swift; sourceTree = "<group>"; };
		000000000000000000000108 /* TerminalHostRuntime.swift */ = {isa = PBXFileReference; lastKnownFileType = sourcecode.swift; path = TerminalHostRuntime.swift; sourceTree = "<group>"; };
		000000000000000000000109 /* TerminalHostView.swift */ = {isa = PBXFileReference; lastKnownFileType = sourcecode.swift; path = TerminalHostView.swift; sourceTree = "<group>"; };
		00000000000000000000010A /* GhosttyLiveHost.swift */ = {isa = PBXFileReference; lastKnownFileType = sourcecode.swift; path = GhosttyLiveHost.swift; sourceTree = "<group>"; };
		00000000000000000000010B /* GhosttyKit.xcframework */ = {isa = PBXFileReference; lastKnownFileType = wrapper.xcframework; path = GhosttyKit.xcframework; sourceTree = "<group>"; };
		00000000000000000000010C /* ghostty-resources */ = {isa = PBXFileReference; lastKnownFileType = folder; path = ghostty-resources; sourceTree = "<group>"; };
		00000000000000000000010D /* ghostty-terminfo */ = {isa = PBXFileReference; lastKnownFileType = folder; path = ghostty-terminfo; sourceTree = "<group>"; };
		00000000000000000000010E /* ShellControlPlane.swift */ = {isa = PBXFileReference; lastKnownFileType = sourcecode.swift; path = ShellControlPlane.swift; sourceTree = "<group>"; };
		00000000000000000000010F /* TerminalRuntimeRegistry.swift */ = {isa = PBXFileReference; lastKnownFileType = sourcecode.swift; path = TerminalRuntimeRegistry.swift; sourceTree = "<group>"; };
		000000000000000000000110 /* TerminalRuntimeService.swift */ = {isa = PBXFileReference; lastKnownFileType = sourcecode.swift; path = TerminalRuntimeService.swift; sourceTree = "<group>"; };
		000000000000000000000111 /* TerminalSurfaceController.swift */ = {isa = PBXFileReference; lastKnownFileType = sourcecode.swift; path = TerminalSurfaceController.swift; sourceTree = "<group>"; };
		000000000000000000000112 /* AlanAppSingletonGuard.swift */ = {isa = PBXFileReference; lastKnownFileType = sourcecode.swift; path = AlanAppSingletonGuard.swift; sourceTree = "<group>"; };
/* End PBXFileReference section */

/* Begin PBXFrameworksBuildPhase section */
		000000000000000000000201 /* Frameworks */ = {
			isa = PBXFrameworksBuildPhase;
			buildActionMask = 2147483647;
			files = (
				00000000000000000000000B /* GhosttyKit.xcframework in Frameworks */,
			);
			runOnlyForDeploymentPostprocessing = 0;
		};
/* End PBXFrameworksBuildPhase section */

/* Begin PBXGroup section */
		000000000000000000000301 = {
			isa = PBXGroup;
			children = (
				000000000000000000000302 /* AlanNative */,
				00000000000000000000010B /* GhosttyKit.xcframework */,
				00000000000000000000010C /* ghostty-resources */,
				00000000000000000000010D /* ghostty-terminfo */,
				000000000000000000000303 /* Products */,
			);
			sourceTree = "<group>";
		};
		000000000000000000000302 /* AlanNative */ = {
			isa = PBXGroup;
			children = (
				000000000000000000000101 /* AlanNativeApp.swift */,
				000000000000000000000102 /* ContentView.swift */,
				000000000000000000000103 /* AlanAPIClient.swift */,
				000000000000000000000112 /* AlanAppSingletonGuard.swift */,
				000000000000000000000104 /* MacShellRootView.swift */,
				000000000000000000000105 /* ShellModel.swift */,
				000000000000000000000106 /* ShellHostController.swift */,
				000000000000000000000107 /* TerminalPaneView.swift */,
				000000000000000000000108 /* TerminalHostRuntime.swift */,
				000000000000000000000110 /* TerminalRuntimeService.swift */,
				000000000000000000000111 /* TerminalSurfaceController.swift */,
				000000000000000000000109 /* TerminalHostView.swift */,
				00000000000000000000010F /* TerminalRuntimeRegistry.swift */,
				00000000000000000000010A /* GhosttyLiveHost.swift */,
				00000000000000000000010E /* ShellControlPlane.swift */,
			);
			path = AlanNative;
			sourceTree = "<group>";
		};
		000000000000000000000303 /* Products */ = {
			isa = PBXGroup;
			children = (
				0000000000000000000000F1 /* AlanNative.app */,
			);
			name = Products;
			sourceTree = "<group>";
		};
/* End PBXGroup section */

/* Begin PBXNativeTarget section */
		000000000000000000000401 /* AlanNative */ = {
			isa = PBXNativeTarget;
			buildConfigurationList = 000000000000000000000601 /* Build configuration list for PBXNativeTarget "AlanNative" */;
			buildPhases = (
				000000000000000000000204 /* Check Ghostty Artifacts */,
				000000000000000000000202 /* Sources */,
				000000000000000000000201 /* Frameworks */,
				000000000000000000000203 /* Resources */,
			);
			buildRules = (
			);
			dependencies = (
			);
			name = AlanNative;
			productName = AlanNative;
			productReference = 0000000000000000000000F1 /* AlanNative.app */;
			productType = "com.apple.product-type.application";
		};
/* End PBXNativeTarget section */

/* Begin PBXProject section */
		000000000000000000000501 /* Project object */ = {
			isa = PBXProject;
			attributes = {
				LastSwiftUpdateCheck = 2600;
				LastUpgradeCheck = 2600;
				TargetAttributes = {
					000000000000000000000401 = {
						CreatedOnToolsVersion = 26.2;
					};
				};
			};
			buildConfigurationList = 000000000000000000000602 /* Build configuration list for PBXProject "AlanNative" */;
			compatibilityVersion = "Xcode 14.0";
			developmentRegion = en;
			hasScannedForEncodings = 0;
			knownRegions = (
				en,
				Base,
			);
			mainGroup = 000000000000000000000301;
			productRefGroup = 000000000000000000000303 /* Products */;
			projectDirPath = "";
			projectRoot = "";
			targets = (
				000000000000000000000401 /* AlanNative */,
			);
		};
/* End PBXProject section */

/* Begin PBXResourcesBuildPhase section */
		000000000000000000000203 /* Resources */ = {
			isa = PBXResourcesBuildPhase;
			buildActionMask = 2147483647;
			files = (
				00000000000000000000000C /* ghostty-resources in Resources */,
				00000000000000000000000D /* ghostty-terminfo in Resources */,
			);
			runOnlyForDeploymentPostprocessing = 0;
		};
/* End PBXResourcesBuildPhase section */

/* Begin PBXShellScriptBuildPhase section */
		000000000000000000000204 /* Check Ghostty Artifacts */ = {
			isa = PBXShellScriptBuildPhase;
			alwaysOutOfDate = 1;
			buildActionMask = 2147483647;
			files = (
			);
			inputFileListPaths = (
			);
			inputPaths = (
			);
			name = "Check Ghostty Artifacts";
			outputFileListPaths = (
			);
			outputPaths = (
			);
			runOnlyForDeploymentPostprocessing = 0;
			shellPath = /bin/sh;
			shellScript = "set -eu\nif [ \"${PLATFORM_NAME:-}\" = \"macosx\" ]; then\n  if [ ! -d \"$SRCROOT/GhosttyKit.xcframework\" ]; then\n    echo \"error: GhosttyKit.xcframework is missing. Run ./clients/apple/scripts/setup-local-ghosttykit.sh from the repo root, or run ./clients/apple/scripts/setup-local-ghosttykit.sh --check for diagnostics.\" >&2\n    exit 1\n  fi\nfi\n";
		};
/* End PBXShellScriptBuildPhase section */

/* Begin PBXSourcesBuildPhase section */
		000000000000000000000202 /* Sources */ = {
			isa = PBXSourcesBuildPhase;
			buildActionMask = 2147483647;
			files = (
				000000000000000000000001 /* AlanNativeApp.swift in Sources */,
				000000000000000000000002 /* ContentView.swift in Sources */,
				000000000000000000000003 /* AlanAPIClient.swift in Sources */,
				000000000000000000000004 /* MacShellRootView.swift in Sources */,
				000000000000000000000005 /* ShellModel.swift in Sources */,
				000000000000000000000006 /* ShellHostController.swift in Sources */,
				000000000000000000000007 /* TerminalPaneView.swift in Sources */,
				000000000000000000000008 /* TerminalHostRuntime.swift in Sources */,
				000000000000000000000009 /* TerminalHostView.swift in Sources */,
				00000000000000000000000A /* GhosttyLiveHost.swift in Sources */,
				000000000000000000000010 /* TerminalRuntimeService.swift in Sources */,
				000000000000000000000011 /* TerminalSurfaceController.swift in Sources */,
				000000000000000000000012 /* AlanAppSingletonGuard.swift in Sources */,
				00000000000000000000000E /* ShellControlPlane.swift in Sources */,
				00000000000000000000000F /* TerminalRuntimeRegistry.swift in Sources */,
			);
			runOnlyForDeploymentPostprocessing = 0;
		};
/* End PBXSourcesBuildPhase section */

/* Begin XCBuildConfiguration section */
		000000000000000000000701 /* Debug */ = {
			isa = XCBuildConfiguration;
			buildSettings = {
				ALWAYS_SEARCH_USER_PATHS = NO;
				CLANG_ENABLE_MODULES = YES;
				CLANG_ENABLE_OBJC_ARC = YES;
				COPY_PHASE_STRIP = NO;
				ENABLE_STRICT_OBJC_MSGSEND = YES;
				ENABLE_TESTABILITY = YES;
				GCC_C_LANGUAGE_STANDARD = gnu17;
				GCC_NO_COMMON_BLOCKS = YES;
				GCC_WARN_64_TO_32_BIT_CONVERSION = YES;
				GCC_WARN_ABOUT_RETURN_TYPE = YES_ERROR;
				GCC_WARN_UNDECLARED_SELECTOR = YES;
				GCC_WARN_UNINITIALIZED_AUTOS = YES_AGGRESSIVE;
				GCC_WARN_UNUSED_FUNCTION = YES;
				GCC_WARN_UNUSED_VARIABLE = YES;
				SWIFT_OPTIMIZATION_LEVEL = "-Onone";
			};
			name = Debug;
		};
		000000000000000000000702 /* Release */ = {
			isa = XCBuildConfiguration;
			buildSettings = {
				ALWAYS_SEARCH_USER_PATHS = NO;
				CLANG_ENABLE_MODULES = YES;
				CLANG_ENABLE_OBJC_ARC = YES;
				COPY_PHASE_STRIP = NO;
				ENABLE_NS_ASSERTIONS = NO;
				ENABLE_STRICT_OBJC_MSGSEND = YES;
				GCC_C_LANGUAGE_STANDARD = gnu17;
				GCC_NO_COMMON_BLOCKS = YES;
				GCC_WARN_64_TO_32_BIT_CONVERSION = YES;
				GCC_WARN_ABOUT_RETURN_TYPE = YES_ERROR;
				GCC_WARN_UNDECLARED_SELECTOR = YES;
				GCC_WARN_UNINITIALIZED_AUTOS = YES_AGGRESSIVE;
				GCC_WARN_UNUSED_FUNCTION = YES;
				GCC_WARN_UNUSED_VARIABLE = YES;
				SWIFT_OPTIMIZATION_LEVEL = "-Owholemodule";
			};
			name = Release;
		};
		000000000000000000000703 /* Debug */ = {
			isa = XCBuildConfiguration;
			buildSettings = {
				CODE_SIGNING_ALLOWED = NO;
				CODE_SIGN_STYLE = Automatic;
				CURRENT_PROJECT_VERSION = 1;
				DEVELOPMENT_TEAM = "";
				GENERATE_INFOPLIST_FILE = YES;
				INFOPLIST_KEY_CFBundleDisplayName = Alan;
				"INFOPLIST_KEY_CFBundleDisplayName[sdk=macosx*]" = Alan;
				INFOPLIST_KEY_LSApplicationCategoryType = "public.app-category.developer-tools";
				INFOPLIST_KEY_UILaunchScreen_Generation = YES;
				INFOPLIST_KEY_UISupportedInterfaceOrientations_iPad = "UIInterfaceOrientationPortrait UIInterfaceOrientationPortraitUpsideDown UIInterfaceOrientationLandscapeLeft UIInterfaceOrientationLandscapeRight";
				INFOPLIST_KEY_UISupportedInterfaceOrientations_iPhone = "UIInterfaceOrientationPortrait UIInterfaceOrientationLandscapeLeft UIInterfaceOrientationLandscapeRight";
				IPHONEOS_DEPLOYMENT_TARGET = 26.0;
				LD_RUNPATH_SEARCH_PATHS = (
					"$(inherited)",
					"@executable_path/../Frameworks",
				);
				"OTHER_LDFLAGS[sdk=macosx*]" = (
					"$(inherited)",
					"-framework",
					Carbon,
					"-lc++",
				);
				MACOSX_DEPLOYMENT_TARGET = 26.0;
				MARKETING_VERSION = 0.1.0;
				PRODUCT_BUNDLE_IDENTIFIER = dev.alan.native;
				PRODUCT_NAME = "$(TARGET_NAME)";
				"PRODUCT_NAME[sdk=macosx*]" = Alan;
				SUPPORTED_PLATFORMS = "iphoneos iphonesimulator macosx";
				SWIFT_EMIT_LOC_STRINGS = YES;
				SWIFT_VERSION = 5.0;
				TARGETED_DEVICE_FAMILY = "1,2";
			};
			name = Debug;
		};
		000000000000000000000704 /* Release */ = {
			isa = XCBuildConfiguration;
			buildSettings = {
				CODE_SIGNING_ALLOWED = NO;
				CODE_SIGN_STYLE = Automatic;
				CURRENT_PROJECT_VERSION = 1;
				DEVELOPMENT_TEAM = "";
				GENERATE_INFOPLIST_FILE = YES;
				INFOPLIST_KEY_CFBundleDisplayName = Alan;
				"INFOPLIST_KEY_CFBundleDisplayName[sdk=macosx*]" = Alan;
				INFOPLIST_KEY_LSApplicationCategoryType = "public.app-category.developer-tools";
				INFOPLIST_KEY_UILaunchScreen_Generation = YES;
				INFOPLIST_KEY_UISupportedInterfaceOrientations_iPad = "UIInterfaceOrientationPortrait UIInterfaceOrientationPortraitUpsideDown UIInterfaceOrientationLandscapeLeft UIInterfaceOrientationLandscapeRight";
				INFOPLIST_KEY_UISupportedInterfaceOrientations_iPhone = "UIInterfaceOrientationPortrait UIInterfaceOrientationLandscapeLeft UIInterfaceOrientationLandscapeRight";
				IPHONEOS_DEPLOYMENT_TARGET = 26.0;
				LD_RUNPATH_SEARCH_PATHS = (
					"$(inherited)",
					"@executable_path/../Frameworks",
				);
				"OTHER_LDFLAGS[sdk=macosx*]" = (
					"$(inherited)",
					"-framework",
					Carbon,
					"-lc++",
				);
				MACOSX_DEPLOYMENT_TARGET = 26.0;
				MARKETING_VERSION = 0.1.0;
				PRODUCT_BUNDLE_IDENTIFIER = dev.alan.native;
				PRODUCT_NAME = "$(TARGET_NAME)";
				"PRODUCT_NAME[sdk=macosx*]" = Alan;
				SUPPORTED_PLATFORMS = "iphoneos iphonesimulator macosx";
				SWIFT_EMIT_LOC_STRINGS = YES;
				SWIFT_VERSION = 5.0;
				TARGETED_DEVICE_FAMILY = "1,2";
			};
			name = Release;
		};
/* End XCBuildConfiguration section */

/* Begin XCConfigurationList section */
		000000000000000000000601 /* Build configuration list for PBXNativeTarget "AlanNative" */ = {
			isa = XCConfigurationList;
			buildConfigurations = (
				000000000000000000000703 /* Debug */,
				000000000000000000000704 /* Release */,
			);
			defaultConfigurationIsVisible = 0;
			defaultConfigurationName = Release;
		};
		000000000000000000000602 /* Build configuration list for PBXProject "AlanNative" */ = {
			isa = XCConfigurationList;
			buildConfigurations = (
				000000000000000000000701 /* Debug */,
				000000000000000000000702 /* Release */,
			);
			defaultConfigurationIsVisible = 0;
			defaultConfigurationName = Release;
		};
/* End XCConfigurationList section */
	};
	rootObject = 000000000000000000000501 /* Project object */;
}
